
Microsoft Visual Studio Solution File, Format Version 12.00
# Visual Studio Version 17
VisualStudioVersion = 17.13.35825.156 d17.13
MinimumVisualStudioVersion = 10.0.40219.1
Project("{FAE04EC0-301F-11D3-BF4B-00C04F79EFBC}") = "HyperVNet", "HyperVNet\HyperVNet.csproj", "{577E76F5-B11F-4251-8896-89EA84F1B6F3}"
EndProject
Project("{FAE04EC0-301F-11D3-BF4B-00C04F79EFBC}") = "HyperVNetConsumer", "HyperVNetConsumer\HyperVNetConsumer.csproj", "{CDBFBD36-CE16-8C30-CE37-5F8DDC22A632}"
EndProject
Global
	GlobalSection(SolutionConfigurationPlatforms) = preSolution
		Debug|Any CPU = Debug|Any CPU
		Release|Any CPU = Release|Any CPU
	EndGlobalSection
	GlobalSection(ProjectConfigurationPlatforms) = postSolution
		{577E76F5-B11F-4251-8896-89EA84F1B6F3}.Debug|Any CPU.ActiveCfg = Debug|Any CPU
		{577E76F5-B11F-4251-8896-89EA84F1B6F3}.Debug|Any CPU.Build.0 = Debug|Any CPU
		{577E76F5-B11F-4251-8896-89EA84F1B6F3}.Release|Any CPU.ActiveCfg = Release|Any CPU
		{577E76F5-B11F-4251-8896-89EA84F1B6F3}.Release|Any CPU.Build.0 = Release|Any CPU
		{CDBFBD36-CE16-8C30-CE37-5F8DDC22A632}.Debug|Any CPU.ActiveCfg = Debug|Any CPU
		{CDBFBD36-CE16-8C30-CE37-5F8DDC22A632}.Debug|Any CPU.Build.0 = Debug|Any CPU
		{CDBFBD36-CE16-8C30-CE37-5F8DDC22A632}.Release|Any CPU.ActiveCfg = Release|Any CPU
		{CDBFBD36-CE16-8C30-CE37-5F8DDC22A632}.Release|Any CPU.Build.0 = Release|Any CPU
	EndGlobalSection
	GlobalSection(SolutionProperties) = preSolution
		HideSolutionNode = FALSE
	EndGlobalSection
	GlobalSection(ExtensibilityGlobals) = postSolution
		SolutionGuid = {06A99BCA-0305-4366-9BFC-4300F0D23CE9}
	EndGlobalSection
EndGlobal
